
Microsoft Visual Studio Solution File, Format Version 12.00
# Visual Studio Version 17
VisualStudioVersion = 17.0.32014.148
MinimumVisualStudioVersion = 10.0.40219.1
Project("{FAE04EC0-301F-11D3-BF4B-00C04F79EFBC}") = "DataGridPerfTest2", "DataGridPerfTest2\DataGridPerfTest2.csproj", "{6669A478-811E-4B06-8F21-3C1E715D735D}"
EndProject
Global
	GlobalSection(SolutionConfigurationPlatforms) = preSolution
		Debug|Any CPU = Debug|Any CPU
		Release|Any CPU = Release|Any CPU
	EndGlobalSection
	GlobalSection(ProjectConfigurationPlatforms) = postSolution
		{6669A478-811E-4B06-8F21-3C1E715D735D}.Debug|Any CPU.ActiveCfg = Debug|Any CPU
		{6669A478-811E-4B06-8F21-3C1E715D735D}.Debug|Any CPU.Build.0 = Debug|Any CPU
		{6669A478-811E-4B06-8F21-3C1E715D735D}.Release|Any CPU.ActiveCfg = Release|Any CPU
		{6669A478-811E-4B06-8F21-3C1E715D735D}.Release|Any CPU.Build.0 = Release|Any CPU
	EndGlobalSection
	GlobalSection(SolutionProperties) = preSolution
		HideSolutionNode = FALSE
	EndGlobalSection
	GlobalSection(ExtensibilityGlobals) = postSolution
		SolutionGuid = {45368620-A87E-4F8F-AB80-17824D801F4A}
	EndGlobalSection
EndGlobal
